// !$*UTF8*$!
{
	archiveVersion = 1;
	classes = {
	};
	objectVersion = 50;
	objects = {

/* Begin PBXBuildFile section */
		7A4658C624B1F6BB00655698 /* AppDelegate.swift in Sources */ = {isa = PBXBuildFile; fileRef = 7A4658C524B1F6BB00655698 /* AppDelegate.swift */; };
		7A4658C824B1F6BB00655698 /* SceneDelegate.swift in Sources */ = {isa = PBXBuildFile; fileRef = 7A4658C724B1F6BB00655698 /* SceneDelegate.swift */; };
		7A4658CD24B1F6BB00655698 /* Main.storyboard in Resources */ = {isa = PBXBuildFile; fileRef = 7A4658CB24B1F6BB00655698 /* Main.storyboard */; };
		7A4658D024B1F6BB00655698 /* ToDoList_CoreData_.xcdatamodeld in Sources */ = {isa = PBXBuildFile; fileRef = 7A4658CE24B1F6BB00655698 /* ToDoList_CoreData_.xcdatamodeld */; };
		7A4658D224B1F6BC00655698 /* Assets.xcassets in Resources */ = {isa = PBXBuildFile; fileRef = 7A4658D124B1F6BC00655698 /* Assets.xcassets */; };
		7A4658D524B1F6BC00655698 /* LaunchScreen.storyboard in Resources */ = {isa = PBXBuildFile; fileRef = 7A4658D324B1F6BC00655698 /* LaunchScreen.storyboard */; };
		7A4658DD24B1F97900655698 /* TableViewController.swift in Sources */ = {isa = PBXBuildFile; fileRef = 7A4658DC24B1F97900655698 /* TableViewController.swift */; };
/* End PBXBuildFile section */

/* Begin PBXFileReference section */
		7A4658C224B1F6BB00655698 /* ToDoList(CoreData).app */ = {isa = PBXFileReference; explicitFileType = wrapper.application; includeInIndex = 0; path = "ToDoList(CoreData).app"; sourceTree = BUILT_PRODUCTS_DIR; };
		7A4658C524B1F6BB00655698 /* AppDelegate.swift */ = {isa = PBXFileReference; lastKnownFileType = sourcecode.swift; path = AppDelegate.swift; sourceTree = "<group>"; };
		7A4658C724B1F6BB00655698 /* SceneDelegate.swift */ = {isa = PBXFileReference; lastKnownFileType = sourcecode.swift; path = SceneDelegate.swift; sourceTree = "<group>"; };
		7A4658CC24B1F6BB00655698 /* Base */ = {isa = PBXFileReference; lastKnownFileType = file.storyboard; name = Base; path = Base.lproj/Main.storyboard; sourceTree = "<group>"; };
		7A4658CF24B1F6BB00655698 /* ToDoList_CoreData_.xcdatamodel */ = {isa = PBXFileReference; lastKnownFileType = wrapper.xcdatamodel; path = ToDoList_CoreData_.xcdatamodel; sourceTree = "<group>"; };
		7A4658D124B1F6BC00655698 /* Assets.xcassets */ = {isa = PBXFileReference; lastKnownFileType = folder.assetcatalog; path = Assets.xcassets; sourceTree = "<group>"; };
		7A4658D424B1F6BC00655698 /* Base */ = {isa = PBXFileReference; lastKnownFileType = file.storyboard; name = Base; path = Base.lproj/LaunchScreen.storyboard; sourceTree = "<group>"; };
		7A4658D624B1F6BC00655698 /* Info.plist */ = {isa = PBXFileReference; lastKnownFileType = text.plist.xml; path = Info.plist; sourceTree = "<group>"; };
		7A4658DC24B1F97900655698 /* TableViewController.swift */ = {isa = PBXFileReference; lastKnownFileType = sourcecode.swift; path = TableViewController.swift; sourceTree = "<group>"; };
/* End PBXFileReference section */

/* Begin PBXFrameworksBuildPhase section */
		7A4658BF24B1F6BA00655698 /* Frameworks */ = {
			isa = PBXFrameworksBuildPhase;
			buildActionMask = 2147483647;
			files = (
			);
			runOnlyForDeploymentPostprocessing = 0;
		};
/* End PBXFrameworksBuildPhase section */

/* Begin PBXGroup section */
		7A4658B924B1F6BA00655698 = {
			isa = PBXGroup;
			children = (
				7A4658C424B1F6BB00655698 /* ToDoList(CoreData) */,
				7A4658C324B1F6BB00655698 /* Products */,
			);
			sourceTree = "<group>";
		};
		7A4658C324B1F6BB00655698 /* Products */ = {
			isa = PBXGroup;
			children = (
				7A4658C224B1F6BB00655698 /* ToDoList(CoreData).app */,
			);
			name = Products;
			sourceTree = "<group>";
		};
		7A4658C424B1F6BB00655698 /* ToDoList(CoreData) */ = {
			isa = PBXGroup;
			children = (
				7A4658DC24B1F97900655698 /* TableViewController.swift */,
				7A4658C524B1F6BB00655698 /* AppDelegate.swift */,
				7A4658C724B1F6BB00655698 /* SceneDelegate.swift */,
				7A4658CB24B1F6BB00655698 /* Main.storyboard */,
				7A4658D124B1F6BC00655698 /* Assets.xcassets */,
				7A4658D324B1F6BC00655698 /* LaunchScreen.storyboard */,
				7A4658D624B1F6BC00655698 /* Info.plist */,
				7A4658CE24B1F6BB00655698 /* ToDoList_CoreData_.xcdatamodeld */,
			);
			path = "ToDoList(CoreData)";
			sourceTree = "<group>";
		};
/* End PBXGroup section */

/* Begin PBXNativeTarget section */
		7A4658C124B1F6BA00655698 /* ToDoList(CoreData) */ = {
			isa = PBXNativeTarget;
			buildConfigurationList = 7A4658D924B1F6BC00655698 /* Build configuration list for PBXNativeTarget "ToDoList(CoreData)" */;
			buildPhases = (
				7A4658BE24B1F6BA00655698 /* Sources */,
				7A4658BF24B1F6BA00655698 /* Frameworks */,
				7A4658C024B1F6BA00655698 /* Resources */,
			);
			buildRules = (
			);
			dependencies = (
			);
			name = "ToDoList(CoreData)";
			productName = "ToDoList(CoreData)";
			productReference = 7A4658C224B1F6BB00655698 /* ToDoList(CoreData).app */;
			productType = "com.apple.product-type.application";
		};
/* End PBXNativeTarget section */

/* Begin PBXProject section */
		7A4658BA24B1F6BA00655698 /* Project object */ = {
			isa = PBXProject;
			attributes = {
				LastSwiftUpdateCheck = 1130;
				LastUpgradeCheck = 1130;
				ORGANIZATIONNAME = yurik;
				TargetAttributes = {
					7A4658C124B1F6BA00655698 = {
						CreatedOnToolsVersion = 11.3.1;
					};
				};
			};
			buildConfigurationList = 7A4658BD24B1F6BA00655698 /* Build configuration list for PBXProject "ToDoList(CoreData)" */;
			compatibilityVersion = "Xcode 9.3";
			developmentRegion = en;
			hasScannedForEncodings = 0;
			knownRegions = (
				en,
				Base,
			);
			mainGroup = 7A4658B924B1F6BA00655698;
			productRefGroup = 7A4658C324B1F6BB00655698 /* Products */;
			projectDirPath = "";
			projectRoot = "";
			targets = (
				7A4658C124B1F6BA00655698 /* ToDoList(CoreData) */,
			);
		};
/* End PBXProject section */

/* Begin PBXResourcesBuildPhase section */
		7A4658C024B1F6BA00655698 /* Resources */ = {
			isa = PBXResourcesBuildPhase;
			buildActionMask = 2147483647;
			files = (
				7A4658D524B1F6BC00655698 /* LaunchScreen.storyboard in Resources */,
				7A4658D224B1F6BC00655698 /* Assets.xcassets in Resources */,
				7A4658CD24B1F6BB00655698 /* Main.storyboard in Resources */,
			);
			runOnlyForDeploymentPostprocessing = 0;
		};
/* End PBXResourcesBuildPhase section */

/* Begin PBXSourcesBuildPhase section */
		7A4658BE24B1F6BA00655698 /* Sources */ = {
			isa = PBXSourcesBuildPhase;
			buildActionMask = 2147483647;
			files = (
				7A4658C624B1F6BB00655698 /* AppDelegate.swift in Sources */,
				7A4658D024B1F6BB00655698 /* ToDoList_CoreData_.xcdatamodeld in Sources */,
				7A4658C824B1F6BB00655698 /* SceneDelegate.swift in Sources */,
				7A4658DD24B1F97900655698 /* TableViewController.swift in Sources */,
			);
			runOnlyForDeploymentPostprocessing = 0;
		};
/* End PBXSourcesBuildPhase section */

/* Begin PBXVariantGroup section */
		7A4658CB24B1F6BB00655698 /* Main.storyboard */ = {
			isa = PBXVariantGroup;
			children = (
				7A4658CC24B1F6BB00655698 /* Base */,
			);
			name = Main.storyboard;
			sourceTree = "<group>";
		};
		7A4658D324B1F6BC00655698 /* LaunchScreen.storyboard */ = {
			isa = PBXVariantGroup;
			children = (
				7A4658D424B1F6BC00655698 /* Base */,
			);
			name = LaunchScreen.storyboard;
			sourceTree = "<group>";
		};
/* End PBXVariantGroup section */

/* Begin XCBuildConfiguration section */
		7A4658D724B1F6BC00655698 /* Debug */ = {
			isa = XCBuildConfiguration;
			buildSettings = {
				ALWAYS_SEARCH_USER_PATHS = NO;
				CLANG_ANALYZER_NONNULL = YES;
				CLANG_ANALYZER_NUMBER_OBJECT_CONVERSION = YES_AGGRESSIVE;
				CLANG_CXX_LANGUAGE_STANDARD = "gnu++14";
				CLANG_CXX_LIBRARY = "libc++";
				CLANG_ENABLE_MODULES = YES;
				CLANG_ENABLE_OBJC_ARC = YES;
				CLANG_ENABLE_OBJC_WEAK = YES;
				CLANG_WARN_BLOCK_CAPTURE_AUTORELEASING = YES;
				CLANG_WARN_BOOL_CONVERSION = YES;
				CLANG_WARN_COMMA = YES;
				CLANG_WARN_CONSTANT_CONVERSION = YES;
				CLANG_WARN_DEPRECATED_OBJC_IMPLEMENTATIONS = YES;
				CLANG_WARN_DIRECT_OBJC_ISA_USAGE = YES_ERROR;
				CLANG_WARN_DOCUMENTATION_COMMENTS = YES;
				CLANG_WARN_EMPTY_BODY = YES;
				CLANG_WARN_ENUM_CONVERSION = YES;
				CLANG_WARN_INFINITE_RECURSION = YES;
				CLANG_WARN_INT_CONVERSION = YES;
				CLANG_WARN_NON_LITERAL_NULL_CONVERSION = YES;
				CLANG_WARN_OBJC_IMPLICIT_RETAIN_SELF = YES;
				CLANG_WARN_OBJC_LITERAL_CONVERSION = YES;
				CLANG_WARN_OBJC_ROOT_CLASS = YES_ERROR;
				CLANG_WARN_RANGE_LOOP_ANALYSIS = YES;
				CLANG_WARN_STRICT_PROTOTYPES = YES;
				CLANG_WARN_SUSPICIOUS_MOVE = YES;
				CLANG_WARN_UNGUARDED_AVAILABILITY = YES_AGGRESSIVE;
				CLANG_WARN_UNREACHABLE_CODE = YES;
				CLANG_WARN__DUPLICATE_METHOD_MATCH = YES;
				COPY_PHASE_STRIP = NO;
				DEBUG_INFORMATION_FORMAT = dwarf;
				ENABLE_STRICT_OBJC_MSGSEND = YES;
				ENABLE_TESTABILITY = YES;
				GCC_C_LANGUAGE_STANDARD = gnu11;
				GCC_DYNAMIC_NO_PIC = NO;
				GCC_NO_COMMON_BLOCKS = YES;
				GCC_OPTIMIZATION_LEVEL = 0;
				GCC_PREPROCESSOR_DEFINITIONS = (
					"DEBUG=1",
					"$(inherited)",
				);
				GCC_WARN_64_TO_32_BIT_CONVERSION = YES;
				GCC_WARN_ABOUT_RETURN_TYPE = YES_ERROR;
				GCC_WARN_UNDECLARED_SELECTOR = YES;
				GCC_WARN_UNINITIALIZED_AUTOS = YES_AGGRESSIVE;
				GCC_WARN_UNUSED_FUNCTION = YES;
				GCC_WARN_UNUSED_VARIABLE = YES;
				IPHONEOS_DEPLOYMENT_TARGET = 13.2;
				MTL_ENABLE_DEBUG_INFO = INCLUDE_SOURCE;
				MTL_FAST_MATH = YES;
				ONLY_ACTIVE_ARCH = YES;
				SDKROOT = iphoneos;
				SWIFT_ACTIVE_COMPILATION_CONDITIONS = DEBUG;
				SWIFT_OPTIMIZATION_LEVEL = "-Onone";
			};
			name = Debug;
		};
		7A4658D824B1F6BC00655698 /* Release */ = {
			isa = XCBuildConfiguration;
			buildSettings = {
				ALWAYS_SEARCH_USER_PATHS = NO;
				CLANG_ANALYZER_NONNULL = YES;
				CLANG_ANALYZER_NUMBER_OBJECT_CONVERSION = YES_AGGRESSIVE;
				CLANG_CXX_LANGUAGE_STANDARD = "gnu++14";
				CLANG_CXX_LIBRARY = "libc++";
				CLANG_ENABLE_MODULES = YES;
				CLANG_ENABLE_OBJC_ARC = YES;
				CLANG_ENABLE_OBJC_WEAK = YES;
				CLANG_WARN_BLOCK_CAPTURE_AUTORELEASING = YES;
				CLANG_WARN_BOOL_CONVERSION = YES;
				CLANG_WARN_COMMA = YES;
				CLANG_WARN_CONSTANT_CONVERSION = YES;
				CLANG_WARN_DEPRECATED_OBJC_IMPLEMENTATIONS = YES;
				CLANG_WARN_DIRECT_OBJC_ISA_USAGE = YES_ERROR;
				CLANG_WARN_DOCUMENTATION_COMMENTS = YES;
				CLANG_WARN_EMPTY_BODY = YES;
				CLANG_WARN_ENUM_CONVERSION = YES;
				CLANG_WARN_INFINITE_RECURSION = YES;
				CLANG_WARN_INT_CONVERSION = YES;
				CLANG_WARN_NON_LITERAL_NULL_CONVERSION = YES;
				CLANG_WARN_OBJC_IMPLICIT_RETAIN_SELF = YES;
				CLANG_WARN_OBJC_LITERAL_CONVERSION = YES;
				CLANG_WARN_OBJC_ROOT_CLASS = YES_ERROR;
				CLANG_WARN_RANGE_LOOP_ANALYSIS = YES;
				CLANG_WARN_STRICT_PROTOTYPES = YES;
				CLANG_WARN_SUSPICIOUS_MOVE = YES;
				CLANG_WARN_UNGUARDED_AVAILABILITY = YES_AGGRESSIVE;
				CLANG_WARN_UNREACHABLE_CODE = YES;
				CLANG_WARN__DUPLICATE_METHOD_MATCH = YES;
				COPY_PHASE_STRIP = NO;
				DEBUG_INFORMATION_FORMAT = "dwarf-with-dsym";
				ENABLE_NS_ASSERTIONS = NO;
				ENABLE_STRICT_OBJC_MSGSEND = YES;
				GCC_C_LANGUAGE_STANDARD = gnu11;
				GCC_NO_COMMON_BLOCKS = YES;
				GCC_WARN_64_TO_32_BIT_CONVERSION = YES;
				GCC_WARN_ABOUT_RETURN_TYPE = YES_ERROR;
				GCC_WARN_UNDECLARED_SELECTOR = YES;
				GCC_WARN_UNINITIALIZED_AUTOS = YES_AGGRESSIVE;
				GCC_WARN_UNUSED_FUNCTION = YES;
				GCC_WARN_UNUSED_VARIABLE = YES;
				IPHONEOS_DEPLOYMENT_TARGET = 13.2;
				MTL_ENABLE_DEBUG_INFO = NO;
				MTL_FAST_MATH = YES;
				SDKROOT = iphoneos;
				SWIFT_COMPILATION_MODE = wholemodule;
				SWIFT_OPTIMIZATION_LEVEL = "-O";
				VALIDATE_PRODUCT = YES;
			};
			name = Release;
		};
		7A4658DA24B1F6BC00655698 /* Debug */ = {
			isa = XCBuildConfiguration;
			buildSettings = {
				ASSETCATALOG_COMPILER_APPICON_NAME = AppIcon;
				CODE_SIGN_STYLE = Automatic;
				DEVELOPMENT_TEAM = 754JYM9F2Z;
				INFOPLIST_FILE = "ToDoList(CoreData)/Info.plist";
				IPHONEOS_DEPLOYMENT_TARGET = 13.2;
				LD_RUNPATH_SEARCH_PATHS = (
					"$(inherited)",
					"@executable_path/Frameworks",
				);
				PRODUCT_BUNDLE_IDENTIFIER = "Nosachenko.ToDoList-CoreData-";
				PRODUCT_NAME = "$(TARGET_NAME)";
				SWIFT_VERSION = 5.0;
				TARGETED_DEVICE_FAMILY = "1,2";
			};
			name = Debug;
		};
		7A4658DB24B1F6BC00655698 /* Release */ = {
			isa = XCBuildConfiguration;
			buildSettings = {
				ASSETCATALOG_COMPILER_APPICON_NAME = AppIcon;
				CODE_SIGN_STYLE = Automatic;
				DEVELOPMENT_TEAM = 754JYM9F2Z;
				INFOPLIST_FILE = "ToDoList(CoreData)/Info.plist";
				IPHONEOS_DEPLOYMENT_TARGET = 13.2;
				LD_RUNPATH_SEARCH_PATHS = (
					"$(inherited)",
					"@executable_path/Frameworks",
				);
				PRODUCT_BUNDLE_IDENTIFIER = "Nosachenko.ToDoList-CoreData-";
				PRODUCT_NAME = "$(TARGET_NAME)";
				SWIFT_VERSION = 5.0;
				TARGETED_DEVICE_FAMILY = "1,2";
			};
			name = Release;
		};
/* End XCBuildConfiguration section */

/* Begin XCConfigurationList section */
		7A4658BD24B1F6BA00655698 /* Build configuration list for PBXProject "ToDoList(CoreData)" */ = {
			isa = XCConfigurationList;
			buildConfigurations = (
				7A4658D724B1F6BC00655698 /* Debug */,
				7A4658D824B1F6BC00655698 /* Release */,
			);
			defaultConfigurationIsVisible = 0;
			defaultConfigurationName = Release;
		};
		7A4658D924B1F6BC00655698 /* Build configuration list for PBXNativeTarget "ToDoList(CoreData)" */ = {
			isa = XCConfigurationList;
			buildConfigurations = (
				7A4658DA24B1F6BC00655698 /* Debug */,
				7A4658DB24B1F6BC00655698 /* Release */,
			);
			defaultConfigurationIsVisible = 0;
			defaultConfigurationName = Release;
		};
/* End XCConfigurationList section */

/* Begin XCVersionGroup section */
		7A4658CE24B1F6BB00655698 /* ToDoList_CoreData_.xcdatamodeld */ = {
			isa = XCVersionGroup;
			children = (
				7A4658CF24B1F6BB00655698 /* ToDoList_CoreData_.xcdatamodel */,
			);
			currentVersion = 7A4658CF24B1F6BB00655698 /* ToDoList_CoreData_.xcdatamodel */;
			path = ToDoList_CoreData_.xcdatamodeld;
			sourceTree = "<group>";
			versionGroupType = wrapper.xcdatamodel;
		};
/* End XCVersionGroup section */
	};
	rootObject = 7A4658BA24B1F6BA00655698 /* Project object */;
}
